
Microsoft Visual Studio Solution File, Format Version 12.00
# Visual Studio Version 17
VisualStudioVersion = 17.14.36212.18 d17.14
MinimumVisualStudioVersion = 10.0.40219.1
Project("{8BC9CEB8-8B4A-11D0-8D11-00A0C91BC942}") = "1.2读写文件的编码问题", "1.2读写文件的编码问题.vcxproj", "{D6376101-BE02-4EA3-A64F-F6441EC174D6}"
EndProject
Global
	GlobalSection(SolutionConfigurationPlatforms) = preSolution
		Debug|x64 = Debug|x64
		Debug|x86 = Debug|x86
		Release|x64 = Release|x64
		Release|x86 = Release|x86
	EndGlobalSection
	GlobalSection(ProjectConfigurationPlatforms) = postSolution
		{D6376101-BE02-4EA3-A64F-F6441EC174D6}.Debug|x64.ActiveCfg = Debug|x64
		{D6376101-BE02-4EA3-A64F-F6441EC174D6}.Debug|x64.Build.0 = Debug|x64
		{D6376101-BE02-4EA3-A64F-F6441EC174D6}.Debug|x86.ActiveCfg = Debug|Win32
		{D6376101-BE02-4EA3-A64F-F6441EC174D6}.Debug|x86.Build.0 = Debug|Win32
		{D6376101-BE02-4EA3-A64F-F6441EC174D6}.Release|x64.ActiveCfg = Release|x64
		{D6376101-BE02-4EA3-A64F-F6441EC174D6}.Release|x64.Build.0 = Release|x64
		{D6376101-BE02-4EA3-A64F-F6441EC174D6}.Release|x86.ActiveCfg = Release|Win32
		{D6376101-BE02-4EA3-A64F-F6441EC174D6}.Release|x86.Build.0 = Release|Win32
	EndGlobalSection
	GlobalSection(SolutionProperties) = preSolution
		HideSolutionNode = FALSE
	EndGlobalSection
	GlobalSection(ExtensibilityGlobals) = postSolution
		SolutionGuid = {3439F19F-53C3-4FC2-9738-92D88A3B5A58}
	EndGlobalSection
EndGlobal
